
Microsoft Visual Studio Solution File, Format Version 12.00
# Visual Studio Version 16
VisualStudioVersion = 16.0.31105.61
MinimumVisualStudioVersion = 10.0.40219.1
Project("{9A19103F-16F7-4668-BE54-9A1E7A4F7556}") = "Business", "Business\Business.csproj", "{35E13C14-5D57-4007-8B45-84A569F48D49}"
EndProject
Project("{9A19103F-16F7-4668-BE54-9A1E7A4F7556}") = "Core", "Core\Core.csproj", "{45239013-1EF2-44D5-8171-48B1394EA303}"
EndProject
Project("{9A19103F-16F7-4668-BE54-9A1E7A4F7556}") = "DataAccess", "DataAccess\DataAccess.csproj", "{F06090B1-5593-4436-8336-FE811C4A739E}"
EndProject
Project("{9A19103F-16F7-4668-BE54-9A1E7A4F7556}") = "Entities", "Entities\Entities.csproj", "{4C036ED6-7B42-4CAD-975A-75665A68BA77}"
EndProject
Project("{9A19103F-16F7-4668-BE54-9A1E7A4F7556}") = "WebCoreApi", "WebCoreApi\WebCoreApi.csproj", "{A255033C-5038-4D1D-97EA-495E473865A5}"
EndProject
Project("{FAE04EC0-301F-11D3-BF4B-00C04F79EFBC}") = "MvcUI", "MvcUI\MvcUI.csproj", "{563DCE2E-7D0C-4881-BDF9-7911C235DA14}"
EndProject
Project("{FAE04EC0-301F-11D3-BF4B-00C04F79EFBC}") = "MvcUICore", "MvcUICore\MvcUICore.csproj", "{BB0CA5DF-6204-4B79-8A32-7722ACCD5951}"
EndProject
Global
	GlobalSection(SolutionConfigurationPlatforms) = preSolution
		Debug|Any CPU = Debug|Any CPU
		Release|Any CPU = Release|Any CPU
	EndGlobalSection
	GlobalSection(ProjectConfigurationPlatforms) = postSolution
		{35E13C14-5D57-4007-8B45-84A569F48D49}.Debug|Any CPU.ActiveCfg = Debug|Any CPU
		{35E13C14-5D57-4007-8B45-84A569F48D49}.Debug|Any CPU.Build.0 = Debug|Any CPU
		{35E13C14-5D57-4007-8B45-84A569F48D49}.Release|Any CPU.ActiveCfg = Release|Any CPU
		{35E13C14-5D57-4007-8B45-84A569F48D49}.Release|Any CPU.Build.0 = Release|Any CPU
		{45239013-1EF2-44D5-8171-48B1394EA303}.Debug|Any CPU.ActiveCfg = Debug|Any CPU
		{45239013-1EF2-44D5-8171-48B1394EA303}.Debug|Any CPU.Build.0 = Debug|Any CPU
		{45239013-1EF2-44D5-8171-48B1394EA303}.Release|Any CPU.ActiveCfg = Release|Any CPU
		{45239013-1EF2-44D5-8171-48B1394EA303}.Release|Any CPU.Build.0 = Release|Any CPU
		{F06090B1-5593-4436-8336-FE811C4A739E}.Debug|Any CPU.ActiveCfg = Debug|Any CPU
		{F06090B1-5593-4436-8336-FE811C4A739E}.Debug|Any CPU.Build.0 = Debug|Any CPU
		{F06090B1-5593-4436-8336-FE811C4A739E}.Release|Any CPU.ActiveCfg = Release|Any CPU
		{F06090B1-5593-4436-8336-FE811C4A739E}.Release|Any CPU.Build.0 = Release|Any CPU
		{4C036ED6-7B42-4CAD-975A-75665A68BA77}.Debug|Any CPU.ActiveCfg = Debug|Any CPU
		{4C036ED6-7B42-4CAD-975A-75665A68BA77}.Debug|Any CPU.Build.0 = Debug|Any CPU
		{4C036ED6-7B42-4CAD-975A-75665A68BA77}.Release|Any CPU.ActiveCfg = Release|Any CPU
		{4C036ED6-7B42-4CAD-975A-75665A68BA77}.Release|Any CPU.Build.0 = Release|Any CPU
		{A255033C-5038-4D1D-97EA-495E473865A5}.Debug|Any CPU.ActiveCfg = Debug|Any CPU
		{A255033C-5038-4D1D-97EA-495E473865A5}.Debug|Any CPU.Build.0 = Debug|Any CPU
		{A255033C-5038-4D1D-97EA-495E473865A5}.Release|Any CPU.ActiveCfg = Release|Any CPU
		{A255033C-5038-4D1D-97EA-495E473865A5}.Release|Any CPU.Build.0 = Release|Any CPU
		{563DCE2E-7D0C-4881-BDF9-7911C235DA14}.Debug|Any CPU.ActiveCfg = Debug|Any CPU
		{563DCE2E-7D0C-4881-BDF9-7911C235DA14}.Debug|Any CPU.Build.0 = Debug|Any CPU
		{563DCE2E-7D0C-4881-BDF9-7911C235DA14}.Release|Any CPU.ActiveCfg = Release|Any CPU
		{563DCE2E-7D0C-4881-BDF9-7911C235DA14}.Release|Any CPU.Build.0 = Release|Any CPU
		{BB0CA5DF-6204-4B79-8A32-7722ACCD5951}.Debug|Any CPU.ActiveCfg = Debug|Any CPU
		{BB0CA5DF-6204-4B79-8A32-7722ACCD5951}.Debug|Any CPU.Build.0 = Debug|Any CPU
		{BB0CA5DF-6204-4B79-8A32-7722ACCD5951}.Release|Any CPU.ActiveCfg = Release|Any CPU
		{BB0CA5DF-6204-4B79-8A32-7722ACCD5951}.Release|Any CPU.Build.0 = Release|Any CPU
	EndGlobalSection
	GlobalSection(SolutionProperties) = preSolution
		HideSolutionNode = FALSE
	EndGlobalSection
	GlobalSection(ExtensibilityGlobals) = postSolution
		SolutionGuid = {326B91C8-2BC8-48F2-8BDA-72EB893CA19C}
	EndGlobalSection
EndGlobal
