
Microsoft Visual Studio Solution File, Format Version 12.00
# Visual Studio Version 16
VisualStudioVersion = 16.0.31105.61
MinimumVisualStudioVersion = 10.0.40219.1
Project("{9A19103F-16F7-4668-BE54-9A1E7A4F7556}") = "ToolsForDb", "ToolsForDb\ToolsForDb.csproj", "{429E55BE-FBC4-477F-AC77-14B05EB1EC5E}"
EndProject
Project("{9A19103F-16F7-4668-BE54-9A1E7A4F7556}") = "DbFirstStep", "Core\DbFirstStep.csproj", "{00440C44-AC32-4BCA-B227-D3B65AF88F48}"
EndProject
Global
	GlobalSection(SolutionConfigurationPlatforms) = preSolution
		Debug|Any CPU = Debug|Any CPU
		Release|Any CPU = Release|Any CPU
	EndGlobalSection
	GlobalSection(ProjectConfigurationPlatforms) = postSolution
		{429E55BE-FBC4-477F-AC77-14B05EB1EC5E}.Debug|Any CPU.ActiveCfg = Debug|Any CPU
		{429E55BE-FBC4-477F-AC77-14B05EB1EC5E}.Debug|Any CPU.Build.0 = Debug|Any CPU
		{429E55BE-FBC4-477F-AC77-14B05EB1EC5E}.Release|Any CPU.ActiveCfg = Release|Any CPU
		{429E55BE-FBC4-477F-AC77-14B05EB1EC5E}.Release|Any CPU.Build.0 = Release|Any CPU
		{00440C44-AC32-4BCA-B227-D3B65AF88F48}.Debug|Any CPU.ActiveCfg = Debug|Any CPU
		{00440C44-AC32-4BCA-B227-D3B65AF88F48}.Debug|Any CPU.Build.0 = Debug|Any CPU
		{00440C44-AC32-4BCA-B227-D3B65AF88F48}.Release|Any CPU.ActiveCfg = Release|Any CPU
		{00440C44-AC32-4BCA-B227-D3B65AF88F48}.Release|Any CPU.Build.0 = Release|Any CPU
	EndGlobalSection
	GlobalSection(SolutionProperties) = preSolution
		HideSolutionNode = FALSE
	EndGlobalSection
	GlobalSection(ExtensibilityGlobals) = postSolution
		SolutionGuid = {326B91C8-2BC8-48F2-8BDA-72EB893CA19C}
	EndGlobalSection
EndGlobal
