
Microsoft Visual Studio Solution File, Format Version 12.00
# Visual Studio Version 16
VisualStudioVersion = 16.0.31105.61
MinimumVisualStudioVersion = 10.0.40219.1
Project("{9A19103F-16F7-4668-BE54-9A1E7A4F7556}") = "DbFirstStep", "Core\DbFirstStep.csproj", "{00440C44-AC32-4BCA-B227-D3B65AF88F48}"
EndProject
Project("{FAE04EC0-301F-11D3-BF4B-00C04F79EFBC}") = "Common", "Common\Common.csproj", "{99500CD9-9024-4E96-8146-CDCA18F719CE}"
EndProject
Global
	GlobalSection(SolutionConfigurationPlatforms) = preSolution
		Debug|Any CPU = Debug|Any CPU
		Release|Any CPU = Release|Any CPU
	EndGlobalSection
	GlobalSection(ProjectConfigurationPlatforms) = postSolution
		{00440C44-AC32-4BCA-B227-D3B65AF88F48}.Debug|Any CPU.ActiveCfg = Debug|Any CPU
		{00440C44-AC32-4BCA-B227-D3B65AF88F48}.Debug|Any CPU.Build.0 = Debug|Any CPU
		{00440C44-AC32-4BCA-B227-D3B65AF88F48}.Release|Any CPU.ActiveCfg = Release|Any CPU
		{00440C44-AC32-4BCA-B227-D3B65AF88F48}.Release|Any CPU.Build.0 = Release|Any CPU
		{99500CD9-9024-4E96-8146-CDCA18F719CE}.Debug|Any CPU.ActiveCfg = Debug|Any CPU
		{99500CD9-9024-4E96-8146-CDCA18F719CE}.Debug|Any CPU.Build.0 = Debug|Any CPU
		{99500CD9-9024-4E96-8146-CDCA18F719CE}.Release|Any CPU.ActiveCfg = Release|Any CPU
		{99500CD9-9024-4E96-8146-CDCA18F719CE}.Release|Any CPU.Build.0 = Release|Any CPU
	EndGlobalSection
	GlobalSection(SolutionProperties) = preSolution
		HideSolutionNode = FALSE
	EndGlobalSection
	GlobalSection(ExtensibilityGlobals) = postSolution
		SolutionGuid = {326B91C8-2BC8-48F2-8BDA-72EB893CA19C}
	EndGlobalSection
EndGlobal
